
Microsoft Visual Studio Solution File, Format Version 12.00
# Visual Studio Version 16
VisualStudioVersion = 16.0.30611.23
MinimumVisualStudioVersion = 10.0.40219.1
Project("{9A19103F-16F7-4668-BE54-9A1E7A4F7556}") = "Kanbersky.Couchbase.Entity", "Kanbersky.Couchbase.Entity\Kanbersky.Couchbase.Entity.csproj", "{79F4A131-85AD-4135-A2AD-F15BF6CEB539}"
EndProject
Project("{9A19103F-16F7-4668-BE54-9A1E7A4F7556}") = "Kanbersky.Couchbase.Infrastructure", "Kanbersky.Couchbase.Infrastructure\Kanbersky.Couchbase.Infrastructure.csproj", "{2C42BD1B-F445-476C-B506-93D41204369D}"
EndProject
Project("{9A19103F-16F7-4668-BE54-9A1E7A4F7556}") = "Kanbersky.Couchbase.Services", "Kanbersky.Couchbase.Services\Kanbersky.Couchbase.Services.csproj", "{0E3E37CD-ABFD-4AB2-B159-184BF299EB6C}"
EndProject
Project("{9A19103F-16F7-4668-BE54-9A1E7A4F7556}") = "Kanbersky.Couchbase.Core", "Kanbersky.Couchbase.Core\Kanbersky.Couchbase.Core.csproj", "{20382FAB-F1DA-4A46-9A57-D8DD45EC61B5}"
EndProject
Project("{FAE04EC0-301F-11D3-BF4B-00C04F79EFBC}") = "Kanbersky.Couchbase.Api", "Kanbersky.Couchbase.Api\Kanbersky.Couchbase.Api.csproj", "{44144038-94F8-41AE-B0E4-079DF9C244C0}"
EndProject
Global
	GlobalSection(SolutionConfigurationPlatforms) = preSolution
		Debug|Any CPU = Debug|Any CPU
		Release|Any CPU = Release|Any CPU
	EndGlobalSection
	GlobalSection(ProjectConfigurationPlatforms) = postSolution
		{79F4A131-85AD-4135-A2AD-F15BF6CEB539}.Debug|Any CPU.ActiveCfg = Debug|Any CPU
		{79F4A131-85AD-4135-A2AD-F15BF6CEB539}.Debug|Any CPU.Build.0 = Debug|Any CPU
		{79F4A131-85AD-4135-A2AD-F15BF6CEB539}.Release|Any CPU.ActiveCfg = Release|Any CPU
		{79F4A131-85AD-4135-A2AD-F15BF6CEB539}.Release|Any CPU.Build.0 = Release|Any CPU
		{2C42BD1B-F445-476C-B506-93D41204369D}.Debug|Any CPU.ActiveCfg = Debug|Any CPU
		{2C42BD1B-F445-476C-B506-93D41204369D}.Debug|Any CPU.Build.0 = Debug|Any CPU
		{2C42BD1B-F445-476C-B506-93D41204369D}.Release|Any CPU.ActiveCfg = Release|Any CPU
		{2C42BD1B-F445-476C-B506-93D41204369D}.Release|Any CPU.Build.0 = Release|Any CPU
		{0E3E37CD-ABFD-4AB2-B159-184BF299EB6C}.Debug|Any CPU.ActiveCfg = Debug|Any CPU
		{0E3E37CD-ABFD-4AB2-B159-184BF299EB6C}.Debug|Any CPU.Build.0 = Debug|Any CPU
		{0E3E37CD-ABFD-4AB2-B159-184BF299EB6C}.Release|Any CPU.ActiveCfg = Release|Any CPU
		{0E3E37CD-ABFD-4AB2-B159-184BF299EB6C}.Release|Any CPU.Build.0 = Release|Any CPU
		{20382FAB-F1DA-4A46-9A57-D8DD45EC61B5}.Debug|Any CPU.ActiveCfg = Debug|Any CPU
		{20382FAB-F1DA-4A46-9A57-D8DD45EC61B5}.Debug|Any CPU.Build.0 = Debug|Any CPU
		{20382FAB-F1DA-4A46-9A57-D8DD45EC61B5}.Release|Any CPU.ActiveCfg = Release|Any CPU
		{20382FAB-F1DA-4A46-9A57-D8DD45EC61B5}.Release|Any CPU.Build.0 = Release|Any CPU
		{44144038-94F8-41AE-B0E4-079DF9C244C0}.Debug|Any CPU.ActiveCfg = Debug|Any CPU
		{44144038-94F8-41AE-B0E4-079DF9C244C0}.Debug|Any CPU.Build.0 = Debug|Any CPU
		{44144038-94F8-41AE-B0E4-079DF9C244C0}.Release|Any CPU.ActiveCfg = Release|Any CPU
		{44144038-94F8-41AE-B0E4-079DF9C244C0}.Release|Any CPU.Build.0 = Release|Any CPU
	EndGlobalSection
	GlobalSection(SolutionProperties) = preSolution
		HideSolutionNode = FALSE
	EndGlobalSection
	GlobalSection(ExtensibilityGlobals) = postSolution
		SolutionGuid = {2A77BEDB-4E26-41CF-B67D-927B6CEE9634}
	EndGlobalSection
EndGlobal
